
Microsoft Visual Studio Solution File, Format Version 12.00
# Visual Studio Version 17
VisualStudioVersion = 17.0.31919.166
MinimumVisualStudioVersion = 10.0.40219.1
Project("{8BC9CEB8-8B4A-11D0-8D11-00A0C91BC942}") = "LOL", "LOL\LOL.vcxproj", "{B493D185-6180-4519-ADF0-066A78B34B06}"
EndProject
Global
	GlobalSection(SolutionConfigurationPlatforms) = preSolution
		Debug|x64 = Debug|x64
		Debug|x86 = Debug|x86
		Release|x64 = Release|x64
		Release|x86 = Release|x86
	EndGlobalSection
	GlobalSection(ProjectConfigurationPlatforms) = postSolution
		{B493D185-6180-4519-ADF0-066A78B34B06}.Debug|x64.ActiveCfg = Debug|x64
		{B493D185-6180-4519-ADF0-066A78B34B06}.Debug|x64.Build.0 = Debug|x64
		{B493D185-6180-4519-ADF0-066A78B34B06}.Debug|x86.ActiveCfg = Debug|Win32
		{B493D185-6180-4519-ADF0-066A78B34B06}.Debug|x86.Build.0 = Debug|Win32
		{B493D185-6180-4519-ADF0-066A78B34B06}.Release|x64.ActiveCfg = Release|x64
		{B493D185-6180-4519-ADF0-066A78B34B06}.Release|x64.Build.0 = Release|x64
		{B493D185-6180-4519-ADF0-066A78B34B06}.Release|x86.ActiveCfg = Release|Win32
		{B493D185-6180-4519-ADF0-066A78B34B06}.Release|x86.Build.0 = Release|Win32
	EndGlobalSection
	GlobalSection(SolutionProperties) = preSolution
		HideSolutionNode = FALSE
	EndGlobalSection
	GlobalSection(ExtensibilityGlobals) = postSolution
		SolutionGuid = {CDE0D994-602D-4536-BE9B-D48FBD4C0D2D}
	EndGlobalSection
EndGlobal
