
Microsoft Visual Studio Solution File, Format Version 12.00
# Visual Studio Version 17
VisualStudioVersion = 17.0.31919.166
MinimumVisualStudioVersion = 10.0.40219.1
Project("{FAE04EC0-301F-11D3-BF4B-00C04F79EFBC}") = "ConsoleApp1", "ConsoleApp1.csproj", "{4E7CAC20-AF03-48A4-A614-9C6CE9EE3816}"
EndProject
Global
	GlobalSection(SolutionConfigurationPlatforms) = preSolution
		Debug|Any CPU = Debug|Any CPU
		Release|Any CPU = Release|Any CPU
	EndGlobalSection
	GlobalSection(ProjectConfigurationPlatforms) = postSolution
		{4E7CAC20-AF03-48A4-A614-9C6CE9EE3816}.Debug|Any CPU.ActiveCfg = Debug|Any CPU
		{4E7CAC20-AF03-48A4-A614-9C6CE9EE3816}.Debug|Any CPU.Build.0 = Debug|Any CPU
		{4E7CAC20-AF03-48A4-A614-9C6CE9EE3816}.Release|Any CPU.ActiveCfg = Release|Any CPU
		{4E7CAC20-AF03-48A4-A614-9C6CE9EE3816}.Release|Any CPU.Build.0 = Release|Any CPU
	EndGlobalSection
	GlobalSection(SolutionProperties) = preSolution
		HideSolutionNode = FALSE
	EndGlobalSection
	GlobalSection(ExtensibilityGlobals) = postSolution
		SolutionGuid = {A1A34B6C-87E8-4CBA-BA1A-787DB79C4BD4}
	EndGlobalSection
EndGlobal
