
Microsoft Visual Studio Solution File, Format Version 12.00
# Visual Studio Version 16
VisualStudioVersion = 16.0.29306.81
MinimumVisualStudioVersion = 10.0.40219.1
Project("{FAE04EC0-301F-11D3-BF4B-00C04F79EFBC}") = "Task20_02WPF", "Task20_02WPF\Task20_02WPF.csproj", "{6F41A5F1-AB0E-4959-ADBC-05ABE4993BB6}"
EndProject
Global
	GlobalSection(SolutionConfigurationPlatforms) = preSolution
		Debug|Any CPU = Debug|Any CPU
		Release|Any CPU = Release|Any CPU
	EndGlobalSection
	GlobalSection(ProjectConfigurationPlatforms) = postSolution
		{6F41A5F1-AB0E-4959-ADBC-05ABE4993BB6}.Debug|Any CPU.ActiveCfg = Debug|Any CPU
		{6F41A5F1-AB0E-4959-ADBC-05ABE4993BB6}.Debug|Any CPU.Build.0 = Debug|Any CPU
		{6F41A5F1-AB0E-4959-ADBC-05ABE4993BB6}.Release|Any CPU.ActiveCfg = Release|Any CPU
		{6F41A5F1-AB0E-4959-ADBC-05ABE4993BB6}.Release|Any CPU.Build.0 = Release|Any CPU
	EndGlobalSection
	GlobalSection(SolutionProperties) = preSolution
		HideSolutionNode = FALSE
	EndGlobalSection
	GlobalSection(ExtensibilityGlobals) = postSolution
		SolutionGuid = {CCCB836B-D1C3-43AC-877E-522BE1B8B187}
	EndGlobalSection
EndGlobal
